// !$*UTF8*$!
{
	archiveVersion = 1;
	classes = {
	};
	objectVersion = 48;
	objects = {

/* Begin PBXBuildFile section */
		9A09D47420170DA000DB3AB5 /* AppDelegate.m in Sources */ = {isa = PBXBuildFile; fileRef = 9A09D47320170DA000DB3AB5 /* AppDelegate.m */; };
		9A09D47720170DA000DB3AB5 /* ViewController.m in Sources */ = {isa = PBXBuildFile; fileRef = 9A09D47620170DA000DB3AB5 /* ViewController.m */; };
		9A09D47A20170DA000DB3AB5 /* Main.storyboard in Resources */ = {isa = PBXBuildFile; fileRef = 9A09D47820170DA000DB3AB5 /* Main.storyboard */; };
		9A09D47C20170DA000DB3AB5 /* Assets.xcassets in Resources */ = {isa = PBXBuildFile; fileRef = 9A09D47B20170DA000DB3AB5 /* Assets.xcassets */; };
		9A09D47F20170DA000DB3AB5 /* LaunchScreen.storyboard in Resources */ = {isa = PBXBuildFile; fileRef = 9A09D47D20170DA000DB3AB5 /* LaunchScreen.storyboard */; };
		9A09D48220170DA000DB3AB5 /* main.m in Sources */ = {isa = PBXBuildFile; fileRef = 9A09D48120170DA000DB3AB5 /* main.m */; };
		9A09D48C20170DA000DB3AB5 /* FlyOceanFishTests.m in Sources */ = {isa = PBXBuildFile; fileRef = 9A09D48B20170DA000DB3AB5 /* FlyOceanFishTests.m */; };
		9A09D49720170DA000DB3AB5 /* FlyOceanFishUITests.m in Sources */ = {isa = PBXBuildFile; fileRef = 9A09D49620170DA000DB3AB5 /* FlyOceanFishUITests.m */; };
/* End PBXBuildFile section */

/* Begin PBXContainerItemProxy section */
		9A09D48820170DA000DB3AB5 /* PBXContainerItemProxy */ = {
			isa = PBXContainerItemProxy;
			containerPortal = 9A09D46720170DA000DB3AB5 /* Project object */;
			proxyType = 1;
			remoteGlobalIDString = 9A09D46E20170DA000DB3AB5;
			remoteInfo = FlyOceanFish;
		};
		9A09D49320170DA000DB3AB5 /* PBXContainerItemProxy */ = {
			isa = PBXContainerItemProxy;
			containerPortal = 9A09D46720170DA000DB3AB5 /* Project object */;
			proxyType = 1;
			remoteGlobalIDString = 9A09D46E20170DA000DB3AB5;
			remoteInfo = FlyOceanFish;
		};
/* End PBXContainerItemProxy section */

/* Begin PBXFileReference section */
		9A09D46F20170DA000DB3AB5 /* FlyOceanFish.app */ = {isa = PBXFileReference; explicitFileType = wrapper.application; includeInIndex = 0; path = FlyOceanFish.app; sourceTree = BUILT_PRODUCTS_DIR; };
		9A09D47220170DA000DB3AB5 /* AppDelegate.h */ = {isa = PBXFileReference; lastKnownFileType = sourcecode.c.h; path = AppDelegate.h; sourceTree = "<group>"; };
		9A09D47320170DA000DB3AB5 /* AppDelegate.m */ = {isa = PBXFileReference; lastKnownFileType = sourcecode.c.objc; path = AppDelegate.m; sourceTree = "<group>"; };
		9A09D47520170DA000DB3AB5 /* ViewController.h */ = {isa = PBXFileReference; lastKnownFileType = sourcecode.c.h; path = ViewController.h; sourceTree = "<group>"; };
		9A09D47620170DA000DB3AB5 /* ViewController.m */ = {isa = PBXFileReference; lastKnownFileType = sourcecode.c.objc; path = ViewController.m; sourceTree = "<group>"; };
		9A09D47920170DA000DB3AB5 /* Base */ = {isa = PBXFileReference; lastKnownFileType = file.storyboard; name = Base; path = Base.lproj/Main.storyboard; sourceTree = "<group>"; };
		9A09D47B20170DA000DB3AB5 /* Assets.xcassets */ = {isa = PBXFileReference; lastKnownFileType = folder.assetcatalog; path = Assets.xcassets; sourceTree = "<group>"; };
		9A09D47E20170DA000DB3AB5 /* Base */ = {isa = PBXFileReference; lastKnownFileType = file.storyboard; name = Base; path = Base.lproj/LaunchScreen.storyboard; sourceTree = "<group>"; };
		9A09D48020170DA000DB3AB5 /* Info.plist */ = {isa = PBXFileReference; lastKnownFileType = text.plist.xml; path = Info.plist; sourceTree = "<group>"; };
		9A09D48120170DA000DB3AB5 /* main.m */ = {isa = PBXFileReference; lastKnownFileType = sourcecode.c.objc; path = main.m; sourceTree = "<group>"; };
		9A09D48720170DA000DB3AB5 /* FlyOceanFishTests.xctest */ = {isa = PBXFileReference; explicitFileType = wrapper.cfbundle; includeInIndex = 0; path = FlyOceanFishTests.xctest; sourceTree = BUILT_PRODUCTS_DIR; };
		9A09D48B20170DA000DB3AB5 /* FlyOceanFishTests.m */ = {isa = PBXFileReference; lastKnownFileType = sourcecode.c.objc; path = FlyOceanFishTests.m; sourceTree = "<group>"; };
		9A09D48D20170DA000DB3AB5 /* Info.plist */ = {isa = PBXFileReference; lastKnownFileType = text.plist.xml; path = Info.plist; sourceTree = "<group>"; };
		9A09D49220170DA000DB3AB5 /* FlyOceanFishUITests.xctest */ = {isa = PBXFileReference; explicitFileType = wrapper.cfbundle; includeInIndex = 0; path = FlyOceanFishUITests.xctest; sourceTree = BUILT_PRODUCTS_DIR; };
		9A09D49620170DA000DB3AB5 /* FlyOceanFishUITests.m */ = {isa = PBXFileReference; lastKnownFileType = sourcecode.c.objc; path = FlyOceanFishUITests.m; sourceTree = "<group>"; };
		9A09D49820170DA000DB3AB5 /* Info.plist */ = {isa = PBXFileReference; lastKnownFileType = text.plist.xml; path = Info.plist; sourceTree = "<group>"; };
/* End PBXFileReference section */

/* Begin PBXFrameworksBuildPhase section */
		9A09D46C20170DA000DB3AB5 /* Frameworks */ = {
			isa = PBXFrameworksBuildPhase;
			buildActionMask = 2147483647;
			files = (
			);
			runOnlyForDeploymentPostprocessing = 0;
		};
		9A09D48420170DA000DB3AB5 /* Frameworks */ = {
			isa = PBXFrameworksBuildPhase;
			buildActionMask = 2147483647;
			files = (
			);
			runOnlyForDeploymentPostprocessing = 0;
		};
		9A09D48F20170DA000DB3AB5 /* Frameworks */ = {
			isa = PBXFrameworksBuildPhase;
			buildActionMask = 2147483647;
			files = (
			);
			runOnlyForDeploymentPostprocessing = 0;
		};
/* End PBXFrameworksBuildPhase section */

/* Begin PBXGroup section */
		9A09D46620170DA000DB3AB5 = {
			isa = PBXGroup;
			children = (
				9A09D47120170DA000DB3AB5 /* FlyOceanFish */,
				9A09D48A20170DA000DB3AB5 /* FlyOceanFishTests */,
				9A09D49520170DA000DB3AB5 /* FlyOceanFishUITests */,
				9A09D47020170DA000DB3AB5 /* Products */,
			);
			sourceTree = "<group>";
		};
		9A09D47020170DA000DB3AB5 /* Products */ = {
			isa = PBXGroup;
			children = (
				9A09D46F20170DA000DB3AB5 /* FlyOceanFish.app */,
				9A09D48720170DA000DB3AB5 /* FlyOceanFishTests.xctest */,
				9A09D49220170DA000DB3AB5 /* FlyOceanFishUITests.xctest */,
			);
			name = Products;
			sourceTree = "<group>";
		};
		9A09D47120170DA000DB3AB5 /* FlyOceanFish */ = {
			isa = PBXGroup;
			children = (
				9A09D47220170DA000DB3AB5 /* AppDelegate.h */,
				9A09D47320170DA000DB3AB5 /* AppDelegate.m */,
				9A09D47520170DA000DB3AB5 /* ViewController.h */,
				9A09D47620170DA000DB3AB5 /* ViewController.m */,
				9A09D47820170DA000DB3AB5 /* Main.storyboard */,
				9A09D47B20170DA000DB3AB5 /* Assets.xcassets */,
				9A09D47D20170DA000DB3AB5 /* LaunchScreen.storyboard */,
				9A09D48020170DA000DB3AB5 /* Info.plist */,
				9A09D48120170DA000DB3AB5 /* main.m */,
			);
			path = FlyOceanFish;
			sourceTree = "<group>";
		};
		9A09D48A20170DA000DB3AB5 /* FlyOceanFishTests */ = {
			isa = PBXGroup;
			children = (
				9A09D48B20170DA000DB3AB5 /* FlyOceanFishTests.m */,
				9A09D48D20170DA000DB3AB5 /* Info.plist */,
			);
			path = FlyOceanFishTests;
			sourceTree = "<group>";
		};
		9A09D49520170DA000DB3AB5 /* FlyOceanFishUITests */ = {
			isa = PBXGroup;
			children = (
				9A09D49620170DA000DB3AB5 /* FlyOceanFishUITests.m */,
				9A09D49820170DA000DB3AB5 /* Info.plist */,
			);
			path = FlyOceanFishUITests;
			sourceTree = "<group>";
		};
/* End PBXGroup section */

/* Begin PBXNativeTarget section */
		9A09D46E20170DA000DB3AB5 /* FlyOceanFish */ = {
			isa = PBXNativeTarget;
			buildConfigurationList = 9A09D49B20170DA000DB3AB5 /* Build configuration list for PBXNativeTarget "FlyOceanFish" */;
			buildPhases = (
				9A09D46B20170DA000DB3AB5 /* Sources */,
				9A09D46C20170DA000DB3AB5 /* Frameworks */,
				9A09D46D20170DA000DB3AB5 /* Resources */,
			);
			buildRules = (
			);
			dependencies = (
			);
			name = FlyOceanFish;
			productName = FlyOceanFish;
			productReference = 9A09D46F20170DA000DB3AB5 /* FlyOceanFish.app */;
			productType = "com.apple.product-type.application";
		};
		9A09D48620170DA000DB3AB5 /* FlyOceanFishTests */ = {
			isa = PBXNativeTarget;
			buildConfigurationList = 9A09D49E20170DA000DB3AB5 /* Build configuration list for PBXNativeTarget "FlyOceanFishTests" */;
			buildPhases = (
				9A09D48320170DA000DB3AB5 /* Sources */,
				9A09D48420170DA000DB3AB5 /* Frameworks */,
				9A09D48520170DA000DB3AB5 /* Resources */,
			);
			buildRules = (
			);
			dependencies = (
				9A09D48920170DA000DB3AB5 /* PBXTargetDependency */,
			);
			name = FlyOceanFishTests;
			productName = FlyOceanFishTests;
			productReference = 9A09D48720170DA000DB3AB5 /* FlyOceanFishTests.xctest */;
			productType = "com.apple.product-type.bundle.unit-test";
		};
		9A09D49120170DA000DB3AB5 /* FlyOceanFishUITests */ = {
			isa = PBXNativeTarget;
			buildConfigurationList = 9A09D4A120170DA000DB3AB5 /* Build configuration list for PBXNativeTarget "FlyOceanFishUITests" */;
			buildPhases = (
				9A09D48E20170DA000DB3AB5 /* Sources */,
				9A09D48F20170DA000DB3AB5 /* Frameworks */,
				9A09D49020170DA000DB3AB5 /* Resources */,
			);
			buildRules = (
			);
			dependencies = (
				9A09D49420170DA000DB3AB5 /* PBXTargetDependency */,
			);
			name = FlyOceanFishUITests;
			productName = FlyOceanFishUITests;
			productReference = 9A09D49220170DA000DB3AB5 /* FlyOceanFishUITests.xctest */;
			productType = "com.apple.product-type.bundle.ui-testing";
		};
/* End PBXNativeTarget section */

/* Begin PBXProject section */
		9A09D46720170DA000DB3AB5 /* Project object */ = {
			isa = PBXProject;
			attributes = {
				LastUpgradeCheck = 0920;
				ORGANIZATIONNAME = 913;
				TargetAttributes = {
					9A09D46E20170DA000DB3AB5 = {
						CreatedOnToolsVersion = 9.2;
						ProvisioningStyle = Automatic;
					};
					9A09D48620170DA000DB3AB5 = {
						CreatedOnToolsVersion = 9.2;
						ProvisioningStyle = Automatic;
						TestTargetID = 9A09D46E20170DA000DB3AB5;
					};
					9A09D49120170DA000DB3AB5 = {
						CreatedOnToolsVersion = 9.2;
						ProvisioningStyle = Automatic;
						TestTargetID = 9A09D46E20170DA000DB3AB5;
					};
				};
			};
			buildConfigurationList = 9A09D46A20170DA000DB3AB5 /* Build configuration list for PBXProject "FlyOceanFish" */;
			compatibilityVersion = "Xcode 8.0";
			developmentRegion = en;
			hasScannedForEncodings = 0;
			knownRegions = (
				en,
				Base,
			);
			mainGroup = 9A09D46620170DA000DB3AB5;
			productRefGroup = 9A09D47020170DA000DB3AB5 /* Products */;
			projectDirPath = "";
			projectRoot = "";
			targets = (
				9A09D46E20170DA000DB3AB5 /* FlyOceanFish */,
				9A09D48620170DA000DB3AB5 /* FlyOceanFishTests */,
				9A09D49120170DA000DB3AB5 /* FlyOceanFishUITests */,
			);
		};
/* End PBXProject section */

/* Begin PBXResourcesBuildPhase section */
		9A09D46D20170DA000DB3AB5 /* Resources */ = {
			isa = PBXResourcesBuildPhase;
			buildActionMask = 2147483647;
			files = (
				9A09D47F20170DA000DB3AB5 /* LaunchScreen.storyboard in Resources */,
				9A09D47C20170DA000DB3AB5 /* Assets.xcassets in Resources */,
				9A09D47A20170DA000DB3AB5 /* Main.storyboard in Resources */,
			);
			runOnlyForDeploymentPostprocessing = 0;
		};
		9A09D48520170DA000DB3AB5 /* Resources */ = {
			isa = PBXResourcesBuildPhase;
			buildActionMask = 2147483647;
			files = (
			);
			runOnlyForDeploymentPostprocessing = 0;
		};
		9A09D49020170DA000DB3AB5 /* Resources */ = {
			isa = PBXResourcesBuildPhase;
			buildActionMask = 2147483647;
			files = (
			);
			runOnlyForDeploymentPostprocessing = 0;
		};
/* End PBXResourcesBuildPhase section */

/* Begin PBXSourcesBuildPhase section */
		9A09D46B20170DA000DB3AB5 /* Sources */ = {
			isa = PBXSourcesBuildPhase;
			buildActionMask = 2147483647;
			files = (
				9A09D47720170DA000DB3AB5 /* ViewController.m in Sources */,
				9A09D48220170DA000DB3AB5 /* main.m in Sources */,
				9A09D47420170DA000DB3AB5 /* AppDelegate.m in Sources */,
			);
			runOnlyForDeploymentPostprocessing = 0;
		};
		9A09D48320170DA000DB3AB5 /* Sources */ = {
			isa = PBXSourcesBuildPhase;
			buildActionMask = 2147483647;
			files = (
				9A09D48C20170DA000DB3AB5 /* FlyOceanFishTests.m in Sources */,
			);
			runOnlyForDeploymentPostprocessing = 0;
		};
		9A09D48E20170DA000DB3AB5 /* Sources */ = {
			isa = PBXSourcesBuildPhase;
			buildActionMask = 2147483647;
			files = (
				9A09D49720170DA000DB3AB5 /* FlyOceanFishUITests.m in Sources */,
			);
			runOnlyForDeploymentPostprocessing = 0;
		};
/* End PBXSourcesBuildPhase section */

/* Begin PBXTargetDependency section */
		9A09D48920170DA000DB3AB5 /* PBXTargetDependency */ = {
			isa = PBXTargetDependency;
			target = 9A09D46E20170DA000DB3AB5 /* FlyOceanFish */;
			targetProxy = 9A09D48820170DA000DB3AB5 /* PBXContainerItemProxy */;
		};
		9A09D49420170DA000DB3AB5 /* PBXTargetDependency */ = {
			isa = PBXTargetDependency;
			target = 9A09D46E20170DA000DB3AB5 /* FlyOceanFish */;
			targetProxy = 9A09D49320170DA000DB3AB5 /* PBXContainerItemProxy */;
		};
/* End PBXTargetDependency section */

/* Begin PBXVariantGroup section */
		9A09D47820170DA000DB3AB5 /* Main.storyboard */ = {
			isa = PBXVariantGroup;
			children = (
				9A09D47920170DA000DB3AB5 /* Base */,
			);
			name = Main.storyboard;
			sourceTree = "<group>";
		};
		9A09D47D20170DA000DB3AB5 /* LaunchScreen.storyboard */ = {
			isa = PBXVariantGroup;
			children = (
				9A09D47E20170DA000DB3AB5 /* Base */,
			);
			name = LaunchScreen.storyboard;
			sourceTree = "<group>";
		};
/* End PBXVariantGroup section */

/* Begin XCBuildConfiguration section */
		9A09D49920170DA000DB3AB5 /* Debug */ = {
			isa = XCBuildConfiguration;
			buildSettings = {
				ALWAYS_SEARCH_USER_PATHS = NO;
				CLANG_ANALYZER_NONNULL = YES;
				CLANG_ANALYZER_NUMBER_OBJECT_CONVERSION = YES_AGGRESSIVE;
				CLANG_CXX_LANGUAGE_STANDARD = "gnu++14";
				CLANG_CXX_LIBRARY = "libc++";
				CLANG_ENABLE_MODULES = YES;
				CLANG_ENABLE_OBJC_ARC = YES;
				CLANG_WARN_BLOCK_CAPTURE_AUTORELEASING = YES;
				CLANG_WARN_BOOL_CONVERSION = YES;
				CLANG_WARN_COMMA = YES;
				CLANG_WARN_CONSTANT_CONVERSION = YES;
				CLANG_WARN_DIRECT_OBJC_ISA_USAGE = YES_ERROR;
				CLANG_WARN_DOCUMENTATION_COMMENTS = YES;
				CLANG_WARN_EMPTY_BODY = YES;
				CLANG_WARN_ENUM_CONVERSION = YES;
				CLANG_WARN_INFINITE_RECURSION = YES;
				CLANG_WARN_INT_CONVERSION = YES;
				CLANG_WARN_NON_LITERAL_NULL_CONVERSION = YES;
				CLANG_WARN_OBJC_LITERAL_CONVERSION = YES;
				CLANG_WARN_OBJC_ROOT_CLASS = YES_ERROR;
				CLANG_WARN_RANGE_LOOP_ANALYSIS = YES;
				CLANG_WARN_STRICT_PROTOTYPES = YES;
				CLANG_WARN_SUSPICIOUS_MOVE = YES;
				CLANG_WARN_UNGUARDED_AVAILABILITY = YES_AGGRESSIVE;
				CLANG_WARN_UNREACHABLE_CODE = YES;
				CLANG_WARN__DUPLICATE_METHOD_MATCH = YES;
				CODE_SIGN_IDENTITY = "iPhone Developer";
				COPY_PHASE_STRIP = NO;
				DEBUG_INFORMATION_FORMAT = dwarf;
				ENABLE_STRICT_OBJC_MSGSEND = YES;
				ENABLE_TESTABILITY = YES;
				GCC_C_LANGUAGE_STANDARD = gnu11;
				GCC_DYNAMIC_NO_PIC = NO;
				GCC_NO_COMMON_BLOCKS = YES;
				GCC_OPTIMIZATION_LEVEL = 0;
				GCC_PREPROCESSOR_DEFINITIONS = (
					"DEBUG=1",
					"$(inherited)",
				);
				GCC_WARN_64_TO_32_BIT_CONVERSION = YES;
				GCC_WARN_ABOUT_RETURN_TYPE = YES_ERROR;
				GCC_WARN_UNDECLARED_SELECTOR = YES;
				GCC_WARN_UNINITIALIZED_AUTOS = YES_AGGRESSIVE;
				GCC_WARN_UNUSED_FUNCTION = YES;
				GCC_WARN_UNUSED_VARIABLE = YES;
				IPHONEOS_DEPLOYMENT_TARGET = 11.2;
				MTL_ENABLE_DEBUG_INFO = YES;
				ONLY_ACTIVE_ARCH = YES;
				SDKROOT = iphoneos;
			};
			name = Debug;
		};
		9A09D49A20170DA000DB3AB5 /* Release */ = {
			isa = XCBuildConfiguration;
			buildSettings = {
				ALWAYS_SEARCH_USER_PATHS = NO;
				CLANG_ANALYZER_NONNULL = YES;
				CLANG_ANALYZER_NUMBER_OBJECT_CONVERSION = YES_AGGRESSIVE;
				CLANG_CXX_LANGUAGE_STANDARD = "gnu++14";
				CLANG_CXX_LIBRARY = "libc++";
				CLANG_ENABLE_MODULES = YES;
				CLANG_ENABLE_OBJC_ARC = YES;
				CLANG_WARN_BLOCK_CAPTURE_AUTORELEASING = YES;
				CLANG_WARN_BOOL_CONVERSION = YES;
				CLANG_WARN_COMMA = YES;
				CLANG_WARN_CONSTANT_CONVERSION = YES;
				CLANG_WARN_DIRECT_OBJC_ISA_USAGE = YES_ERROR;
				CLANG_WARN_DOCUMENTATION_COMMENTS = YES;
				CLANG_WARN_EMPTY_BODY = YES;
				CLANG_WARN_ENUM_CONVERSION = YES;
				CLANG_WARN_INFINITE_RECURSION = YES;
				CLANG_WARN_INT_CONVERSION = YES;
				CLANG_WARN_NON_LITERAL_NULL_CONVERSION = YES;
				CLANG_WARN_OBJC_LITERAL_CONVERSION = YES;
				CLANG_WARN_OBJC_ROOT_CLASS = YES_ERROR;
				CLANG_WARN_RANGE_LOOP_ANALYSIS = YES;
				CLANG_WARN_STRICT_PROTOTYPES = YES;
				CLANG_WARN_SUSPICIOUS_MOVE = YES;
				CLANG_WARN_UNGUARDED_AVAILABILITY = YES_AGGRESSIVE;
				CLANG_WARN_UNREACHABLE_CODE = YES;
				CLANG_WARN__DUPLICATE_METHOD_MATCH = YES;
				CODE_SIGN_IDENTITY = "iPhone Developer";
				COPY_PHASE_STRIP = NO;
				DEBUG_INFORMATION_FORMAT = "dwarf-with-dsym";
				ENABLE_NS_ASSERTIONS = NO;
				ENABLE_STRICT_OBJC_MSGSEND = YES;
				GCC_C_LANGUAGE_STANDARD = gnu11;
				GCC_NO_COMMON_BLOCKS = YES;
				GCC_WARN_64_TO_32_BIT_CONVERSION = YES;
				GCC_WARN_ABOUT_RETURN_TYPE = YES_ERROR;
				GCC_WARN_UNDECLARED_SELECTOR = YES;
				GCC_WARN_UNINITIALIZED_AUTOS = YES_AGGRESSIVE;
				GCC_WARN_UNUSED_FUNCTION = YES;
				GCC_WARN_UNUSED_VARIABLE = YES;
				IPHONEOS_DEPLOYMENT_TARGET = 11.2;
				MTL_ENABLE_DEBUG_INFO = NO;
				SDKROOT = iphoneos;
				VALIDATE_PRODUCT = YES;
			};
			name = Release;
		};
		9A09D49C20170DA000DB3AB5 /* Debug */ = {
			isa = XCBuildConfiguration;
			buildSettings = {
				ASSETCATALOG_COMPILER_APPICON_NAME = AppIcon;
				CODE_SIGN_STYLE = Automatic;
				INFOPLIST_FILE = FlyOceanFish/Info.plist;
				LD_RUNPATH_SEARCH_PATHS = "$(inherited) @executable_path/Frameworks";
				PRODUCT_BUNDLE_IDENTIFIER = "Your-forehead.FlyOceanFish";
				PRODUCT_NAME = "$(TARGET_NAME)";
				TARGETED_DEVICE_FAMILY = "1,2";
			};
			name = Debug;
		};
		9A09D49D20170DA000DB3AB5 /* Release */ = {
			isa = XCBuildConfiguration;
			buildSettings = {
				ASSETCATALOG_COMPILER_APPICON_NAME = AppIcon;
				CODE_SIGN_STYLE = Automatic;
				INFOPLIST_FILE = FlyOceanFish/Info.plist;
				LD_RUNPATH_SEARCH_PATHS = "$(inherited) @executable_path/Frameworks";
				PRODUCT_BUNDLE_IDENTIFIER = "Your-forehead.FlyOceanFish";
				PRODUCT_NAME = "$(TARGET_NAME)";
				TARGETED_DEVICE_FAMILY = "1,2";
			};
			name = Release;
		};
		9A09D49F20170DA000DB3AB5 /* Debug */ = {
			isa = XCBuildConfiguration;
			buildSettings = {
				BUNDLE_LOADER = "$(TEST_HOST)";
				CODE_SIGN_STYLE = Automatic;
				INFOPLIST_FILE = FlyOceanFishTests/Info.plist;
				LD_RUNPATH_SEARCH_PATHS = "$(inherited) @executable_path/Frameworks @loader_path/Frameworks";
				PRODUCT_BUNDLE_IDENTIFIER = "Your-forehead.FlyOceanFishTests";
				PRODUCT_NAME = "$(TARGET_NAME)";
				TARGETED_DEVICE_FAMILY = "1,2";
				TEST_HOST = "$(BUILT_PRODUCTS_DIR)/FlyOceanFish.app/FlyOceanFish";
			};
			name = Debug;
		};
		9A09D4A020170DA000DB3AB5 /* Release */ = {
			isa = XCBuildConfiguration;
			buildSettings = {
				BUNDLE_LOADER = "$(TEST_HOST)";
				CODE_SIGN_STYLE = Automatic;
				INFOPLIST_FILE = FlyOceanFishTests/Info.plist;
				LD_RUNPATH_SEARCH_PATHS = "$(inherited) @executable_path/Frameworks @loader_path/Frameworks";
				PRODUCT_BUNDLE_IDENTIFIER = "Your-forehead.FlyOceanFishTests";
				PRODUCT_NAME = "$(TARGET_NAME)";
				TARGETED_DEVICE_FAMILY = "1,2";
				TEST_HOST = "$(BUILT_PRODUCTS_DIR)/FlyOceanFish.app/FlyOceanFish";
			};
			name = Release;
		};
		9A09D4A220170DA000DB3AB5 /* Debug */ = {
			isa = XCBuildConfiguration;
			buildSettings = {
				CODE_SIGN_STYLE = Automatic;
				INFOPLIST_FILE = FlyOceanFishUITests/Info.plist;
				LD_RUNPATH_SEARCH_PATHS = "$(inherited) @executable_path/Frameworks @loader_path/Frameworks";
				PRODUCT_BUNDLE_IDENTIFIER = "Your-forehead.FlyOceanFishUITests";
				PRODUCT_NAME = "$(TARGET_NAME)";
				TARGETED_DEVICE_FAMILY = "1,2";
				TEST_TARGET_NAME = FlyOceanFish;
			};
			name = Debug;
		};
		9A09D4A320170DA000DB3AB5 /* Release */ = {
			isa = XCBuildConfiguration;
			buildSettings = {
				CODE_SIGN_STYLE = Automatic;
				INFOPLIST_FILE = FlyOceanFishUITests/Info.plist;
				LD_RUNPATH_SEARCH_PATHS = "$(inherited) @executable_path/Frameworks @loader_path/Frameworks";
				PRODUCT_BUNDLE_IDENTIFIER = "Your-forehead.FlyOceanFishUITests";
				PRODUCT_NAME = "$(TARGET_NAME)";
				TARGETED_DEVICE_FAMILY = "1,2";
				TEST_TARGET_NAME = FlyOceanFish;
			};
			name = Release;
		};
/* End XCBuildConfiguration section */

/* Begin XCConfigurationList section */
		9A09D46A20170DA000DB3AB5 /* Build configuration list for PBXProject "FlyOceanFish" */ = {
			isa = XCConfigurationList;
			buildConfigurations = (
				9A09D49920170DA000DB3AB5 /* Debug */,
				9A09D49A20170DA000DB3AB5 /* Release */,
			);
			defaultConfigurationIsVisible = 0;
			defaultConfigurationName = Release;
		};
		9A09D49B20170DA000DB3AB5 /* Build configuration list for PBXNativeTarget "FlyOceanFish" */ = {
			isa = XCConfigurationList;
			buildConfigurations = (
				9A09D49C20170DA000DB3AB5 /* Debug */,
				9A09D49D20170DA000DB3AB5 /* Release */,
			);
			defaultConfigurationIsVisible = 0;
			defaultConfigurationName = Release;
		};
		9A09D49E20170DA000DB3AB5 /* Build configuration list for PBXNativeTarget "FlyOceanFishTests" */ = {
			isa = XCConfigurationList;
			buildConfigurations = (
				9A09D49F20170DA000DB3AB5 /* Debug */,
				9A09D4A020170DA000DB3AB5 /* Release */,
			);
			defaultConfigurationIsVisible = 0;
			defaultConfigurationName = Release;
		};
		9A09D4A120170DA000DB3AB5 /* Build configuration list for PBXNativeTarget "FlyOceanFishUITests" */ = {
			isa = XCConfigurationList;
			buildConfigurations = (
				9A09D4A220170DA000DB3AB5 /* Debug */,
				9A09D4A320170DA000DB3AB5 /* Release */,
			);
			defaultConfigurationIsVisible = 0;
			defaultConfigurationName = Release;
		};
/* End XCConfigurationList section */
	};
	rootObject = 9A09D46720170DA000DB3AB5 /* Project object */;
}
